// !$*UTF8*$!
{
	archiveVersion = 1;
	classes = {
	};
	objectVersion = 55;
	objects = {

/* Begin PBXBuildFile section */
		3F03FFB8283395F000E2BC6B /* AppDelegate.swift in Sources */ = {isa = PBXBuildFile; fileRef = 3F03FFB7283395F000E2BC6B /* AppDelegate.swift */; };
		3F03FFBA283395F000E2BC6B /* SceneDelegate.swift in Sources */ = {isa = PBXBuildFile; fileRef = 3F03FFB9283395F000E2BC6B /* SceneDelegate.swift */; };
		3F03FFBC283395F000E2BC6B /* ViewController.swift in Sources */ = {isa = PBXBuildFile; fileRef = 3F03FFBB283395F000E2BC6B /* ViewController.swift */; };
		3F03FFBF283395F000E2BC6B /* Main.storyboard in Resources */ = {isa = PBXBuildFile; fileRef = 3F03FFBD283395F000E2BC6B /* Main.storyboard */; };
		3F03FFC1283395F100E2BC6B /* Assets.xcassets in Resources */ = {isa = PBXBuildFile; fileRef = 3F03FFC0283395F100E2BC6B /* Assets.xcassets */; };
		3F03FFC4283395F100E2BC6B /* LaunchScreen.storyboard in Resources */ = {isa = PBXBuildFile; fileRef = 3F03FFC2283395F100E2BC6B /* LaunchScreen.storyboard */; };
		3F03FFCC2833B63200E2BC6B /* dms_logo.png in Resources */ = {isa = PBXBuildFile; fileRef = 3F03FFCB2833B63200E2BC6B /* dms_logo.png */; };
		3F1D26F128349A7B0039203F /* MenuViewController.swift in Sources */ = {isa = PBXBuildFile; fileRef = 3F1D26F028349A7B0039203F /* MenuViewController.swift */; };
		3FD7D638283B5DE600C348B7 /* MyPageViewController.swift in Sources */ = {isa = PBXBuildFile; fileRef = 3FD7D637283B5DE600C348B7 /* MyPageViewController.swift */; };
		E9D5DEFFFE0DB2FB15549442 /* Pods_DMSChallenge.framework in Frameworks */ = {isa = PBXBuildFile; fileRef = 518C8B6E3E679476AD26E0E5 /* Pods_DMSChallenge.framework */; };
/* End PBXBuildFile section */

/* Begin PBXFileReference section */
		1467C21591B67E51172BC120 /* Pods-DMSChallenge.release.xcconfig */ = {isa = PBXFileReference; includeInIndex = 1; lastKnownFileType = text.xcconfig; name = "Pods-DMSChallenge.release.xcconfig"; path = "Target Support Files/Pods-DMSChallenge/Pods-DMSChallenge.release.xcconfig"; sourceTree = "<group>"; };
		3F03FFB4283395F000E2BC6B /* DMSChallenge.app */ = {isa = PBXFileReference; explicitFileType = wrapper.application; includeInIndex = 0; path = DMSChallenge.app; sourceTree = BUILT_PRODUCTS_DIR; };
		3F03FFB7283395F000E2BC6B /* AppDelegate.swift */ = {isa = PBXFileReference; lastKnownFileType = sourcecode.swift; path = AppDelegate.swift; sourceTree = "<group>"; };
		3F03FFB9283395F000E2BC6B /* SceneDelegate.swift */ = {isa = PBXFileReference; lastKnownFileType = sourcecode.swift; path = SceneDelegate.swift; sourceTree = "<group>"; };
		3F03FFBB283395F000E2BC6B /* ViewController.swift */ = {isa = PBXFileReference; lastKnownFileType = sourcecode.swift; path = ViewController.swift; sourceTree = "<group>"; };
		3F03FFBE283395F000E2BC6B /* Base */ = {isa = PBXFileReference; lastKnownFileType = file.storyboard; name = Base; path = Base.lproj/Main.storyboard; sourceTree = "<group>"; };
		3F03FFC0283395F100E2BC6B /* Assets.xcassets */ = {isa = PBXFileReference; lastKnownFileType = folder.assetcatalog; path = Assets.xcassets; sourceTree = "<group>"; };
		3F03FFC3283395F100E2BC6B /* Base */ = {isa = PBXFileReference; lastKnownFileType = file.storyboard; name = Base; path = Base.lproj/LaunchScreen.storyboard; sourceTree = "<group>"; };
		3F03FFC5283395F100E2BC6B /* Info.plist */ = {isa = PBXFileReference; lastKnownFileType = text.plist.xml; path = Info.plist; sourceTree = "<group>"; };
		3F03FFCB2833B63200E2BC6B /* dms_logo.png */ = {isa = PBXFileReference; lastKnownFileType = image.png; path = dms_logo.png; sourceTree = "<group>"; };
		3F1D26F028349A7B0039203F /* MenuViewController.swift */ = {isa = PBXFileReference; lastKnownFileType = sourcecode.swift; path = MenuViewController.swift; sourceTree = "<group>"; };
		3FD7D637283B5DE600C348B7 /* MyPageViewController.swift */ = {isa = PBXFileReference; lastKnownFileType = sourcecode.swift; path = MyPageViewController.swift; sourceTree = "<group>"; };
		518C8B6E3E679476AD26E0E5 /* Pods_DMSChallenge.framework */ = {isa = PBXFileReference; explicitFileType = wrapper.framework; includeInIndex = 0; path = Pods_DMSChallenge.framework; sourceTree = BUILT_PRODUCTS_DIR; };
		807471B3FBF91C0F5DEF9CB2 /* Pods-DMSChallenge.debug.xcconfig */ = {isa = PBXFileReference; includeInIndex = 1; lastKnownFileType = text.xcconfig; name = "Pods-DMSChallenge.debug.xcconfig"; path = "Target Support Files/Pods-DMSChallenge/Pods-DMSChallenge.debug.xcconfig"; sourceTree = "<group>"; };
/* End PBXFileReference section */

/* Begin PBXFrameworksBuildPhase section */
		3F03FFB1283395F000E2BC6B /* Frameworks */ = {
			isa = PBXFrameworksBuildPhase;
			buildActionMask = 2147483647;
			files = (
				E9D5DEFFFE0DB2FB15549442 /* Pods_DMSChallenge.framework in Frameworks */,
			);
			runOnlyForDeploymentPostprocessing = 0;
		};
/* End PBXFrameworksBuildPhase section */

/* Begin PBXGroup section */
		3F03FFAB283395F000E2BC6B = {
			isa = PBXGroup;
			children = (
				3F03FFB6283395F000E2BC6B /* DMSChallenge */,
				3F03FFB5283395F000E2BC6B /* Products */,
				7896F7CD1A5E9B044424C459 /* Pods */,
				7FCA4A6D37C82349C1B486FA /* Frameworks */,
			);
			sourceTree = "<group>";
		};
		3F03FFB5283395F000E2BC6B /* Products */ = {
			isa = PBXGroup;
			children = (
				3F03FFB4283395F000E2BC6B /* DMSChallenge.app */,
			);
			name = Products;
			sourceTree = "<group>";
		};
		3F03FFB6283395F000E2BC6B /* DMSChallenge */ = {
			isa = PBXGroup;
			children = (
				3F03FFB7283395F000E2BC6B /* AppDelegate.swift */,
				3F03FFB9283395F000E2BC6B /* SceneDelegate.swift */,
				3F03FFBB283395F000E2BC6B /* ViewController.swift */,
				3F03FFBD283395F000E2BC6B /* Main.storyboard */,
				3F1D26F028349A7B0039203F /* MenuViewController.swift */,
				3FD7D637283B5DE600C348B7 /* MyPageViewController.swift */,
				3F03FFC0283395F100E2BC6B /* Assets.xcassets */,
				3F03FFCB2833B63200E2BC6B /* dms_logo.png */,
				3F03FFC2283395F100E2BC6B /* LaunchScreen.storyboard */,
				3F03FFC5283395F100E2BC6B /* Info.plist */,
			);
			path = DMSChallenge;
			sourceTree = "<group>";
		};
		7896F7CD1A5E9B044424C459 /* Pods */ = {
			isa = PBXGroup;
			children = (
				807471B3FBF91C0F5DEF9CB2 /* Pods-DMSChallenge.debug.xcconfig */,
				1467C21591B67E51172BC120 /* Pods-DMSChallenge.release.xcconfig */,
			);
			path = Pods;
			sourceTree = "<group>";
		};
		7FCA4A6D37C82349C1B486FA /* Frameworks */ = {
			isa = PBXGroup;
			children = (
				518C8B6E3E679476AD26E0E5 /* Pods_DMSChallenge.framework */,
			);
			name = Frameworks;
			sourceTree = "<group>";
		};
/* End PBXGroup section */

/* Begin PBXNativeTarget section */
		3F03FFB3283395F000E2BC6B /* DMSChallenge */ = {
			isa = PBXNativeTarget;
			buildConfigurationList = 3F03FFC8283395F100E2BC6B /* Build configuration list for PBXNativeTarget "DMSChallenge" */;
			buildPhases = (
				E3A2E2F72BDD3C891B4611FE /* [CP] Check Pods Manifest.lock */,
				3F03FFB0283395F000E2BC6B /* Sources */,
				3F03FFB1283395F000E2BC6B /* Frameworks */,
				3F03FFB2283395F000E2BC6B /* Resources */,
				384B72FBF47C7168AD588E4E /* [CP] Embed Pods Frameworks */,
			);
			buildRules = (
			);
			dependencies = (
			);
			name = DMSChallenge;
			productName = DMSChallenge;
			productReference = 3F03FFB4283395F000E2BC6B /* DMSChallenge.app */;
			productType = "com.apple.product-type.application";
		};
/* End PBXNativeTarget section */

/* Begin PBXProject section */
		3F03FFAC283395F000E2BC6B /* Project object */ = {
			isa = PBXProject;
			attributes = {
				BuildIndependentTargetsInParallel = 1;
				LastSwiftUpdateCheck = 1330;
				LastUpgradeCheck = 1330;
				TargetAttributes = {
					3F03FFB3283395F000E2BC6B = {
						CreatedOnToolsVersion = 13.3;
					};
				};
			};
			buildConfigurationList = 3F03FFAF283395F000E2BC6B /* Build configuration list for PBXProject "DMSChallenge" */;
			compatibilityVersion = "Xcode 13.0";
			developmentRegion = en;
			hasScannedForEncodings = 0;
			knownRegions = (
				en,
				Base,
			);
			mainGroup = 3F03FFAB283395F000E2BC6B;
			productRefGroup = 3F03FFB5283395F000E2BC6B /* Products */;
			projectDirPath = "";
			projectRoot = "";
			targets = (
				3F03FFB3283395F000E2BC6B /* DMSChallenge */,
			);
		};
/* End PBXProject section */

/* Begin PBXResourcesBuildPhase section */
		3F03FFB2283395F000E2BC6B /* Resources */ = {
			isa = PBXResourcesBuildPhase;
			buildActionMask = 2147483647;
			files = (
				3F03FFC4283395F100E2BC6B /* LaunchScreen.storyboard in Resources */,
				3F03FFC1283395F100E2BC6B /* Assets.xcassets in Resources */,
				3F03FFBF283395F000E2BC6B /* Main.storyboard in Resources */,
				3F03FFCC2833B63200E2BC6B /* dms_logo.png in Resources */,
			);
			runOnlyForDeploymentPostprocessing = 0;
		};
/* End PBXResourcesBuildPhase section */

/* Begin PBXShellScriptBuildPhase section */
		384B72FBF47C7168AD588E4E /* [CP] Embed Pods Frameworks */ = {
			isa = PBXShellScriptBuildPhase;
			buildActionMask = 2147483647;
			files = (
			);
			inputFileListPaths = (
				"${PODS_ROOT}/Target Support Files/Pods-DMSChallenge/Pods-DMSChallenge-frameworks-${CONFIGURATION}-input-files.xcfilelist",
			);
			name = "[CP] Embed Pods Frameworks";
			outputFileListPaths = (
				"${PODS_ROOT}/Target Support Files/Pods-DMSChallenge/Pods-DMSChallenge-frameworks-${CONFIGURATION}-output-files.xcfilelist",
			);
			runOnlyForDeploymentPostprocessing = 0;
			shellPath = /bin/sh;
			shellScript = "\"${PODS_ROOT}/Target Support Files/Pods-DMSChallenge/Pods-DMSChallenge-frameworks.sh\"\n";
			showEnvVarsInLog = 0;
		};
		E3A2E2F72BDD3C891B4611FE /* [CP] Check Pods Manifest.lock */ = {
			isa = PBXShellScriptBuildPhase;
			buildActionMask = 2147483647;
			files = (
			);
			inputFileListPaths = (
			);
			inputPaths = (
				"${PODS_PODFILE_DIR_PATH}/Podfile.lock",
				"${PODS_ROOT}/Manifest.lock",
			);
			name = "[CP] Check Pods Manifest.lock";
			outputFileListPaths = (
			);
			outputPaths = (
				"$(DERIVED_FILE_DIR)/Pods-DMSChallenge-checkManifestLockResult.txt",
			);
			runOnlyForDeploymentPostprocessing = 0;
			shellPath = /bin/sh;
			shellScript = "diff \"${PODS_PODFILE_DIR_PATH}/Podfile.lock\" \"${PODS_ROOT}/Manifest.lock\" > /dev/null\nif [ $? != 0 ] ; then\n    # print error to STDERR\n    echo \"error: The sandbox is not in sync with the Podfile.lock. Run 'pod install' or update your CocoaPods installation.\" >&2\n    exit 1\nfi\n# This output is used by Xcode 'outputs' to avoid re-running this script phase.\necho \"SUCCESS\" > \"${SCRIPT_OUTPUT_FILE_0}\"\n";
			showEnvVarsInLog = 0;
		};
/* End PBXShellScriptBuildPhase section */

/* Begin PBXSourcesBuildPhase section */
		3F03FFB0283395F000E2BC6B /* Sources */ = {
			isa = PBXSourcesBuildPhase;
			buildActionMask = 2147483647;
			files = (
				3FD7D638283B5DE600C348B7 /* MyPageViewController.swift in Sources */,
				3F03FFBC283395F000E2BC6B /* ViewController.swift in Sources */,
				3F03FFB8283395F000E2BC6B /* AppDelegate.swift in Sources */,
				3F03FFBA283395F000E2BC6B /* SceneDelegate.swift in Sources */,
				3F1D26F128349A7B0039203F /* MenuViewController.swift in Sources */,
			);
			runOnlyForDeploymentPostprocessing = 0;
		};
/* End PBXSourcesBuildPhase section */

/* Begin PBXVariantGroup section */
		3F03FFBD283395F000E2BC6B /* Main.storyboard */ = {
			isa = PBXVariantGroup;
			children = (
				3F03FFBE283395F000E2BC6B /* Base */,
			);
			name = Main.storyboard;
			sourceTree = "<group>";
		};
		3F03FFC2283395F100E2BC6B /* LaunchScreen.storyboard */ = {
			isa = PBXVariantGroup;
			children = (
				3F03FFC3283395F100E2BC6B /* Base */,
			);
			name = LaunchScreen.storyboard;
			sourceTree = "<group>";
		};
/* End PBXVariantGroup section */

/* Begin XCBuildConfiguration section */
		3F03FFC6283395F100E2BC6B /* Debug */ = {
			isa = XCBuildConfiguration;
			buildSettings = {
				ALWAYS_SEARCH_USER_PATHS = NO;
				CLANG_ANALYZER_NONNULL = YES;
				CLANG_ANALYZER_NUMBER_OBJECT_CONVERSION = YES_AGGRESSIVE;
				CLANG_CXX_LANGUAGE_STANDARD = "gnu++17";
				CLANG_ENABLE_MODULES = YES;
				CLANG_ENABLE_OBJC_ARC = YES;
				CLANG_ENABLE_OBJC_WEAK = YES;
				CLANG_WARN_BLOCK_CAPTURE_AUTORELEASING = YES;
				CLANG_WARN_BOOL_CONVERSION = YES;
				CLANG_WARN_COMMA = YES;
				CLANG_WARN_CONSTANT_CONVERSION = YES;
				CLANG_WARN_DEPRECATED_OBJC_IMPLEMENTATIONS = YES;
				CLANG_WARN_DIRECT_OBJC_ISA_USAGE = YES_ERROR;
				CLANG_WARN_DOCUMENTATION_COMMENTS = YES;
				CLANG_WARN_EMPTY_BODY = YES;
				CLANG_WARN_ENUM_CONVERSION = YES;
				CLANG_WARN_INFINITE_RECURSION = YES;
				CLANG_WARN_INT_CONVERSION = YES;
				CLANG_WARN_NON_LITERAL_NULL_CONVERSION = YES;
				CLANG_WARN_OBJC_IMPLICIT_RETAIN_SELF = YES;
				CLANG_WARN_OBJC_LITERAL_CONVERSION = YES;
				CLANG_WARN_OBJC_ROOT_CLASS = YES_ERROR;
				CLANG_WARN_QUOTED_INCLUDE_IN_FRAMEWORK_HEADER = YES;
				CLANG_WARN_RANGE_LOOP_ANALYSIS = YES;
				CLANG_WARN_STRICT_PROTOTYPES = YES;
				CLANG_WARN_SUSPICIOUS_MOVE = YES;
				CLANG_WARN_UNGUARDED_AVAILABILITY = YES_AGGRESSIVE;
				CLANG_WARN_UNREACHABLE_CODE = YES;
				CLANG_WARN__DUPLICATE_METHOD_MATCH = YES;
				COPY_PHASE_STRIP = NO;
				DEBUG_INFORMATION_FORMAT = dwarf;
				ENABLE_STRICT_OBJC_MSGSEND = YES;
				ENABLE_TESTABILITY = YES;
				GCC_C_LANGUAGE_STANDARD = gnu11;
				GCC_DYNAMIC_NO_PIC = NO;
				GCC_NO_COMMON_BLOCKS = YES;
				GCC_OPTIMIZATION_LEVEL = 0;
				GCC_PREPROCESSOR_DEFINITIONS = (
					"DEBUG=1",
					"$(inherited)",
				);
				GCC_WARN_64_TO_32_BIT_CONVERSION = YES;
				GCC_WARN_ABOUT_RETURN_TYPE = YES_ERROR;
				GCC_WARN_UNDECLARED_SELECTOR = YES;
				GCC_WARN_UNINITIALIZED_AUTOS = YES_AGGRESSIVE;
				GCC_WARN_UNUSED_FUNCTION = YES;
				GCC_WARN_UNUSED_VARIABLE = YES;
				IPHONEOS_DEPLOYMENT_TARGET = 15.4;
				MTL_ENABLE_DEBUG_INFO = INCLUDE_SOURCE;
				MTL_FAST_MATH = YES;
				ONLY_ACTIVE_ARCH = YES;
				SDKROOT = iphoneos;
				SWIFT_ACTIVE_COMPILATION_CONDITIONS = DEBUG;
				SWIFT_OPTIMIZATION_LEVEL = "-Onone";
			};
			name = Debug;
		};
		3F03FFC7283395F100E2BC6B /* Release */ = {
			isa = XCBuildConfiguration;
			buildSettings = {
				ALWAYS_SEARCH_USER_PATHS = NO;
				CLANG_ANALYZER_NONNULL = YES;
				CLANG_ANALYZER_NUMBER_OBJECT_CONVERSION = YES_AGGRESSIVE;
				CLANG_CXX_LANGUAGE_STANDARD = "gnu++17";
				CLANG_ENABLE_MODULES = YES;
				CLANG_ENABLE_OBJC_ARC = YES;
				CLANG_ENABLE_OBJC_WEAK = YES;
				CLANG_WARN_BLOCK_CAPTURE_AUTORELEASING = YES;
				CLANG_WARN_BOOL_CONVERSION = YES;
				CLANG_WARN_COMMA = YES;
				CLANG_WARN_CONSTANT_CONVERSION = YES;
				CLANG_WARN_DEPRECATED_OBJC_IMPLEMENTATIONS = YES;
				CLANG_WARN_DIRECT_OBJC_ISA_USAGE = YES_ERROR;
				CLANG_WARN_DOCUMENTATION_COMMENTS = YES;
				CLANG_WARN_EMPTY_BODY = YES;
				CLANG_WARN_ENUM_CONVERSION = YES;
				CLANG_WARN_INFINITE_RECURSION = YES;
				CLANG_WARN_INT_CONVERSION = YES;
				CLANG_WARN_NON_LITERAL_NULL_CONVERSION = YES;
				CLANG_WARN_OBJC_IMPLICIT_RETAIN_SELF = YES;
				CLANG_WARN_OBJC_LITERAL_CONVERSION = YES;
				CLANG_WARN_OBJC_ROOT_CLASS = YES_ERROR;
				CLANG_WARN_QUOTED_INCLUDE_IN_FRAMEWORK_HEADER = YES;
				CLANG_WARN_RANGE_LOOP_ANALYSIS = YES;
				CLANG_WARN_STRICT_PROTOTYPES = YES;
				CLANG_WARN_SUSPICIOUS_MOVE = YES;
				CLANG_WARN_UNGUARDED_AVAILABILITY = YES_AGGRESSIVE;
				CLANG_WARN_UNREACHABLE_CODE = YES;
				CLANG_WARN__DUPLICATE_METHOD_MATCH = YES;
				COPY_PHASE_STRIP = NO;
				DEBUG_INFORMATION_FORMAT = "dwarf-with-dsym";
				ENABLE_NS_ASSERTIONS = NO;
				ENABLE_STRICT_OBJC_MSGSEND = YES;
				GCC_C_LANGUAGE_STANDARD = gnu11;
				GCC_NO_COMMON_BLOCKS = YES;
				GCC_WARN_64_TO_32_BIT_CONVERSION = YES;
				GCC_WARN_ABOUT_RETURN_TYPE = YES_ERROR;
				GCC_WARN_UNDECLARED_SELECTOR = YES;
				GCC_WARN_UNINITIALIZED_AUTOS = YES_AGGRESSIVE;
				GCC_WARN_UNUSED_FUNCTION = YES;
				GCC_WARN_UNUSED_VARIABLE = YES;
				IPHONEOS_DEPLOYMENT_TARGET = 15.4;
				MTL_ENABLE_DEBUG_INFO = NO;
				MTL_FAST_MATH = YES;
				SDKROOT = iphoneos;
				SWIFT_COMPILATION_MODE = wholemodule;
				SWIFT_OPTIMIZATION_LEVEL = "-O";
				VALIDATE_PRODUCT = YES;
			};
			name = Release;
		};
		3F03FFC9283395F100E2BC6B /* Debug */ = {
			isa = XCBuildConfiguration;
			baseConfigurationReference = 807471B3FBF91C0F5DEF9CB2 /* Pods-DMSChallenge.debug.xcconfig */;
			buildSettings = {
				ASSETCATALOG_COMPILER_APPICON_NAME = AppIcon;
				ASSETCATALOG_COMPILER_GLOBAL_ACCENT_COLOR_NAME = AccentColor;
				CODE_SIGN_STYLE = Automatic;
				CURRENT_PROJECT_VERSION = 1;
				DEVELOPMENT_TEAM = B8B7L582Q4;
				GENERATE_INFOPLIST_FILE = YES;
				INFOPLIST_FILE = DMSChallenge/Info.plist;
				INFOPLIST_KEY_UIApplicationSupportsIndirectInputEvents = YES;
				INFOPLIST_KEY_UILaunchStoryboardName = LaunchScreen;
				INFOPLIST_KEY_UIMainStoryboardFile = Main;
				INFOPLIST_KEY_UISupportedInterfaceOrientations = UIInterfaceOrientationPortrait;
				INFOPLIST_KEY_UISupportedInterfaceOrientations_iPad = "UIInterfaceOrientationPortrait UIInterfaceOrientationPortraitUpsideDown UIInterfaceOrientationLandscapeLeft UIInterfaceOrientationLandscapeRight";
				INFOPLIST_KEY_UISupportedInterfaceOrientations_iPhone = "UIInterfaceOrientationPortrait UIInterfaceOrientationLandscapeLeft UIInterfaceOrientationLandscapeRight";
				IPHONEOS_DEPLOYMENT_TARGET = 15.0;
				LD_RUNPATH_SEARCH_PATHS = (
					"$(inherited)",
					"@executable_path/Frameworks",
				);
				MARKETING_VERSION = 1.0;
				PRODUCT_BUNDLE_IDENTIFIER = com.InHyeKang.DMSChallenge;
				PRODUCT_NAME = "$(TARGET_NAME)";
				SWIFT_EMIT_LOC_STRINGS = YES;
				SWIFT_VERSION = 5.0;
				TARGETED_DEVICE_FAMILY = "1,2";
			};
			name = Debug;
		};
		3F03FFCA283395F100E2BC6B /* Release */ = {
			isa = XCBuildConfiguration;
			baseConfigurationReference = 1467C21591B67E51172BC120 /* Pods-DMSChallenge.release.xcconfig */;
			buildSettings = {
				ASSETCATALOG_COMPILER_APPICON_NAME = AppIcon;
				ASSETCATALOG_COMPILER_GLOBAL_ACCENT_COLOR_NAME = AccentColor;
				CODE_SIGN_STYLE = Automatic;
				CURRENT_PROJECT_VERSION = 1;
				DEVELOPMENT_TEAM = B8B7L582Q4;
				GENERATE_INFOPLIST_FILE = YES;
				INFOPLIST_FILE = DMSChallenge/Info.plist;
				INFOPLIST_KEY_UIApplicationSupportsIndirectInputEvents = YES;
				INFOPLIST_KEY_UILaunchStoryboardName = LaunchScreen;
				INFOPLIST_KEY_UIMainStoryboardFile = Main;
				INFOPLIST_KEY_UISupportedInterfaceOrientations = UIInterfaceOrientationPortrait;
				INFOPLIST_KEY_UISupportedInterfaceOrientations_iPad = "UIInterfaceOrientationPortrait UIInterfaceOrientationPortraitUpsideDown UIInterfaceOrientationLandscapeLeft UIInterfaceOrientationLandscapeRight";
				INFOPLIST_KEY_UISupportedInterfaceOrientations_iPhone = "UIInterfaceOrientationPortrait UIInterfaceOrientationLandscapeLeft UIInterfaceOrientationLandscapeRight";
				IPHONEOS_DEPLOYMENT_TARGET = 15.0;
				LD_RUNPATH_SEARCH_PATHS = (
					"$(inherited)",
					"@executable_path/Frameworks",
				);
				MARKETING_VERSION = 1.0;
				PRODUCT_BUNDLE_IDENTIFIER = com.InHyeKang.DMSChallenge;
				PRODUCT_NAME = "$(TARGET_NAME)";
				SWIFT_EMIT_LOC_STRINGS = YES;
				SWIFT_VERSION = 5.0;
				TARGETED_DEVICE_FAMILY = "1,2";
			};
			name = Release;
		};
/* End XCBuildConfiguration section */

/* Begin XCConfigurationList section */
		3F03FFAF283395F000E2BC6B /* Build configuration list for PBXProject "DMSChallenge" */ = {
			isa = XCConfigurationList;
			buildConfigurations = (
				3F03FFC6283395F100E2BC6B /* Debug */,
				3F03FFC7283395F100E2BC6B /* Release */,
			);
			defaultConfigurationIsVisible = 0;
			defaultConfigurationName = Release;
		};
		3F03FFC8283395F100E2BC6B /* Build configuration list for PBXNativeTarget "DMSChallenge" */ = {
			isa = XCConfigurationList;
			buildConfigurations = (
				3F03FFC9283395F100E2BC6B /* Debug */,
				3F03FFCA283395F100E2BC6B /* Release */,
			);
			defaultConfigurationIsVisible = 0;
			defaultConfigurationName = Release;
		};
/* End XCConfigurationList section */
	};
	rootObject = 3F03FFAC283395F000E2BC6B /* Project object */;
}
